
Microsoft Visual Studio Solution File, Format Version 12.00
# Visual Studio Version 16
VisualStudioVersion = 16.0.30104.148
MinimumVisualStudioVersion = 10.0.40219.1
Project("{FAE04EC0-301F-11D3-BF4B-00C04F79EFBC}") = "ControlFlowExercise7", "ControlFlowExercise7.csproj", "{A015ECAD-F03A-4017-BE74-FE284DF0A01B}"
EndProject
Global
	GlobalSection(SolutionConfigurationPlatforms) = preSolution
		Debug|Any CPU = Debug|Any CPU
		Release|Any CPU = Release|Any CPU
	EndGlobalSection
	GlobalSection(ProjectConfigurationPlatforms) = postSolution
		{A015ECAD-F03A-4017-BE74-FE284DF0A01B}.Debug|Any CPU.ActiveCfg = Debug|Any CPU
		{A015ECAD-F03A-4017-BE74-FE284DF0A01B}.Debug|Any CPU.Build.0 = Debug|Any CPU
		{A015ECAD-F03A-4017-BE74-FE284DF0A01B}.Release|Any CPU.ActiveCfg = Release|Any CPU
		{A015ECAD-F03A-4017-BE74-FE284DF0A01B}.Release|Any CPU.Build.0 = Release|Any CPU
	EndGlobalSection
	GlobalSection(SolutionProperties) = preSolution
		HideSolutionNode = FALSE
	EndGlobalSection
	GlobalSection(ExtensibilityGlobals) = postSolution
		SolutionGuid = {8CF5C1AF-1E0D-4E5D-BC41-A0EFB4292188}
	EndGlobalSection
EndGlobal
