
Microsoft Visual Studio Solution File, Format Version 12.00
# Visual Studio Version 16
VisualStudioVersion = 16.0.30104.148
MinimumVisualStudioVersion = 10.0.40219.1
Project("{FAE04EC0-301F-11D3-BF4B-00C04F79EFBC}") = "ControlFlowExercises8", "ControlFlowExercises8.csproj", "{CFCC8679-1603-4860-B7FF-1BC562CF24E8}"
EndProject
Global
	GlobalSection(SolutionConfigurationPlatforms) = preSolution
		Debug|Any CPU = Debug|Any CPU
		Release|Any CPU = Release|Any CPU
	EndGlobalSection
	GlobalSection(ProjectConfigurationPlatforms) = postSolution
		{CFCC8679-1603-4860-B7FF-1BC562CF24E8}.Debug|Any CPU.ActiveCfg = Debug|Any CPU
		{CFCC8679-1603-4860-B7FF-1BC562CF24E8}.Debug|Any CPU.Build.0 = Debug|Any CPU
		{CFCC8679-1603-4860-B7FF-1BC562CF24E8}.Release|Any CPU.ActiveCfg = Release|Any CPU
		{CFCC8679-1603-4860-B7FF-1BC562CF24E8}.Release|Any CPU.Build.0 = Release|Any CPU
	EndGlobalSection
	GlobalSection(SolutionProperties) = preSolution
		HideSolutionNode = FALSE
	EndGlobalSection
	GlobalSection(ExtensibilityGlobals) = postSolution
		SolutionGuid = {BC9DA492-F408-44CA-96DC-2BDFBCA5C1AC}
	EndGlobalSection
EndGlobal
